
Microsoft Visual Studio Solution File, Format Version 12.00
# Visual Studio Version 17
VisualStudioVersion = 17.7.34031.279
MinimumVisualStudioVersion = 10.0.40219.1
Project("{FAE04EC0-301F-11D3-BF4B-00C04F79EFBC}") = "016", "016.csproj", "{B45DE0B5-1C1E-4690-8747-7CF8B653C0C3}"
EndProject
Global
	GlobalSection(SolutionConfigurationPlatforms) = preSolution
		Debug|Any CPU = Debug|Any CPU
		Release|Any CPU = Release|Any CPU
	EndGlobalSection
	GlobalSection(ProjectConfigurationPlatforms) = postSolution
		{B45DE0B5-1C1E-4690-8747-7CF8B653C0C3}.Debug|Any CPU.ActiveCfg = Debug|Any CPU
		{B45DE0B5-1C1E-4690-8747-7CF8B653C0C3}.Debug|Any CPU.Build.0 = Debug|Any CPU
		{B45DE0B5-1C1E-4690-8747-7CF8B653C0C3}.Release|Any CPU.ActiveCfg = Release|Any CPU
		{B45DE0B5-1C1E-4690-8747-7CF8B653C0C3}.Release|Any CPU.Build.0 = Release|Any CPU
	EndGlobalSection
	GlobalSection(SolutionProperties) = preSolution
		HideSolutionNode = FALSE
	EndGlobalSection
	GlobalSection(ExtensibilityGlobals) = postSolution
		SolutionGuid = {C27898ED-1EF1-4D9D-824E-70558356208E}
	EndGlobalSection
EndGlobal
